
Microsoft Visual Studio Solution File, Format Version 12.00
# Visual Studio Version 17
VisualStudioVersion = 17.8.34525.116
MinimumVisualStudioVersion = 10.0.40219.1
Project("{FAE04EC0-301F-11D3-BF4B-00C04F79EFBC}") = "AspWebApi", "AspWebApi\AspWebApi.csproj", "{C5D82DA7-0D19-4A84-8653-DE24C62BD639}"
EndProject
Global
	GlobalSection(SolutionConfigurationPlatforms) = preSolution
		Debug|Any CPU = Debug|Any CPU
		Release|Any CPU = Release|Any CPU
	EndGlobalSection
	GlobalSection(ProjectConfigurationPlatforms) = postSolution
		{C5D82DA7-0D19-4A84-8653-DE24C62BD639}.Debug|Any CPU.ActiveCfg = Debug|Any CPU
		{C5D82DA7-0D19-4A84-8653-DE24C62BD639}.Debug|Any CPU.Build.0 = Debug|Any CPU
		{C5D82DA7-0D19-4A84-8653-DE24C62BD639}.Release|Any CPU.ActiveCfg = Release|Any CPU
		{C5D82DA7-0D19-4A84-8653-DE24C62BD639}.Release|Any CPU.Build.0 = Release|Any CPU
	EndGlobalSection
	GlobalSection(SolutionProperties) = preSolution
		HideSolutionNode = FALSE
	EndGlobalSection
	GlobalSection(ExtensibilityGlobals) = postSolution
		SolutionGuid = {78053E9E-F352-455F-A966-06650593AC88}
	EndGlobalSection
EndGlobal
